
Microsoft Visual Studio Solution File, Format Version 12.00
# Visual Studio 15
VisualStudioVersion = 15.0.26730.16
MinimumVisualStudioVersion = 10.0.40219.1
Project("{FAE04EC0-301F-11D3-BF4B-00C04F79EFBC}") = "Spider", "Spider\Spider.csproj", "{B4B0254B-211C-484D-8310-48292C6A1142}"
EndProject
Project("{FAE04EC0-301F-11D3-BF4B-00C04F79EFBC}") = "Web", "Web\Web.csproj", "{4AE393FE-8298-4AA1-9F08-6D869A5A5EBB}"
EndProject
Project("{FAE04EC0-301F-11D3-BF4B-00C04F79EFBC}") = "test", "test\test.csproj", "{37FF7061-00EE-47A5-B82A-4462F881BABE}"
EndProject
Project("{FAE04EC0-301F-11D3-BF4B-00C04F79EFBC}") = "webUI", "webUI\webUI.csproj", "{CF058F85-1CD6-4EEB-8772-B3907BC60930}"
EndProject
Global
	GlobalSection(SolutionConfigurationPlatforms) = preSolution
		Debug|Any CPU = Debug|Any CPU
		Release|Any CPU = Release|Any CPU
	EndGlobalSection
	GlobalSection(ProjectConfigurationPlatforms) = postSolution
		{B4B0254B-211C-484D-8310-48292C6A1142}.Debug|Any CPU.ActiveCfg = Debug|Any CPU
		{B4B0254B-211C-484D-8310-48292C6A1142}.Debug|Any CPU.Build.0 = Debug|Any CPU
		{B4B0254B-211C-484D-8310-48292C6A1142}.Release|Any CPU.ActiveCfg = Release|Any CPU
		{B4B0254B-211C-484D-8310-48292C6A1142}.Release|Any CPU.Build.0 = Release|Any CPU
		{4AE393FE-8298-4AA1-9F08-6D869A5A5EBB}.Debug|Any CPU.ActiveCfg = Debug|Any CPU
		{4AE393FE-8298-4AA1-9F08-6D869A5A5EBB}.Debug|Any CPU.Build.0 = Debug|Any CPU
		{4AE393FE-8298-4AA1-9F08-6D869A5A5EBB}.Release|Any CPU.ActiveCfg = Release|Any CPU
		{4AE393FE-8298-4AA1-9F08-6D869A5A5EBB}.Release|Any CPU.Build.0 = Release|Any CPU
		{37FF7061-00EE-47A5-B82A-4462F881BABE}.Debug|Any CPU.ActiveCfg = Debug|Any CPU
		{37FF7061-00EE-47A5-B82A-4462F881BABE}.Debug|Any CPU.Build.0 = Debug|Any CPU
		{37FF7061-00EE-47A5-B82A-4462F881BABE}.Release|Any CPU.ActiveCfg = Release|Any CPU
		{37FF7061-00EE-47A5-B82A-4462F881BABE}.Release|Any CPU.Build.0 = Release|Any CPU
		{CF058F85-1CD6-4EEB-8772-B3907BC60930}.Debug|Any CPU.ActiveCfg = Debug|Any CPU
		{CF058F85-1CD6-4EEB-8772-B3907BC60930}.Debug|Any CPU.Build.0 = Debug|Any CPU
		{CF058F85-1CD6-4EEB-8772-B3907BC60930}.Release|Any CPU.ActiveCfg = Release|Any CPU
		{CF058F85-1CD6-4EEB-8772-B3907BC60930}.Release|Any CPU.Build.0 = Release|Any CPU
	EndGlobalSection
	GlobalSection(SolutionProperties) = preSolution
		HideSolutionNode = FALSE
	EndGlobalSection
	GlobalSection(ExtensibilityGlobals) = postSolution
		SolutionGuid = {9A859BBA-EDFE-4EB6-9B85-0F17F43CD699}
	EndGlobalSection
EndGlobal
